
Microsoft Visual Studio Solution File, Format Version 12.00
# Visual Studio 2013
VisualStudioVersion = 12.0.40629.0
MinimumVisualStudioVersion = 10.0.40219.1
Project("{8BC9CEB8-8B4A-11D0-8D11-00A0C91BC942}") = "FEM_Sec1.8", "FEM_Sec1.8\FEM_Sec1.8.vcxproj", "{B7CD8925-07B8-4D4C-B39D-F4B7290A1F93}"
EndProject
Project("{8BC9CEB8-8B4A-11D0-8D11-00A0C91BC942}") = "FEM_Sec2.2", "FEM_Sec2.2\FEM_Sec2.2.vcxproj", "{F049A5AD-4B40-4C08-A9BF-703198E4E78B}"
EndProject
Project("{8BC9CEB8-8B4A-11D0-8D11-00A0C91BC942}") = "FEM_Sec1.8.6", "FEM_Sec1.8.6\FEM_Sec1.8.6.vcxproj", "{3A8C192D-402C-4A05-A719-1D52A9FDA8B6}"
EndProject
Project("{8BC9CEB8-8B4A-11D0-8D11-00A0C91BC942}") = "FEM_Sec2.2.4", "FEM_Sec2.2.4\FEM_Sec2.2.4.vcxproj", "{2AEBEBD5-0C5E-49E3-BBE9-B12DCDE4DD56}"
EndProject
Project("{8BC9CEB8-8B4A-11D0-8D11-00A0C91BC942}") = "FEM_Sec2.2.8", "FEM_Sec2.2.8\FEM_Sec2.2.8.vcxproj", "{08A6EFC8-78FE-49E7-9C06-E14BD6F7A24C}"
EndProject
Project("{8BC9CEB8-8B4A-11D0-8D11-00A0C91BC942}") = "FEM_Sec2.2.12", "FEM_Sec2.2.12\FEM_Sec2.2.12.vcxproj", "{4E14EBAF-1C19-464A-9245-A77945D955EA}"
EndProject
Global
	GlobalSection(SolutionConfigurationPlatforms) = preSolution
		Debug|Mixed Platforms = Debug|Mixed Platforms
		Debug|Win32 = Debug|Win32
		Debug|x64 = Debug|x64
		Release|Mixed Platforms = Release|Mixed Platforms
		Release|Win32 = Release|Win32
		Release|x64 = Release|x64
	EndGlobalSection
	GlobalSection(ProjectConfigurationPlatforms) = postSolution
		{B7CD8925-07B8-4D4C-B39D-F4B7290A1F93}.Debug|Mixed Platforms.ActiveCfg = Debug|Win32
		{B7CD8925-07B8-4D4C-B39D-F4B7290A1F93}.Debug|Mixed Platforms.Build.0 = Debug|Win32
		{B7CD8925-07B8-4D4C-B39D-F4B7290A1F93}.Debug|Win32.ActiveCfg = Debug|Win32
		{B7CD8925-07B8-4D4C-B39D-F4B7290A1F93}.Debug|Win32.Build.0 = Debug|Win32
		{B7CD8925-07B8-4D4C-B39D-F4B7290A1F93}.Debug|x64.ActiveCfg = Debug|x64
		{B7CD8925-07B8-4D4C-B39D-F4B7290A1F93}.Release|Mixed Platforms.ActiveCfg = Release|Win32
		{B7CD8925-07B8-4D4C-B39D-F4B7290A1F93}.Release|Mixed Platforms.Build.0 = Release|Win32
		{B7CD8925-07B8-4D4C-B39D-F4B7290A1F93}.Release|Win32.ActiveCfg = Release|Win32
		{B7CD8925-07B8-4D4C-B39D-F4B7290A1F93}.Release|Win32.Build.0 = Release|Win32
		{B7CD8925-07B8-4D4C-B39D-F4B7290A1F93}.Release|x64.ActiveCfg = Release|x64
		{B7CD8925-07B8-4D4C-B39D-F4B7290A1F93}.Release|x64.Build.0 = Release|x64
		{F049A5AD-4B40-4C08-A9BF-703198E4E78B}.Debug|Mixed Platforms.ActiveCfg = Debug|Win32
		{F049A5AD-4B40-4C08-A9BF-703198E4E78B}.Debug|Mixed Platforms.Build.0 = Debug|Win32
		{F049A5AD-4B40-4C08-A9BF-703198E4E78B}.Debug|Win32.ActiveCfg = Debug|Win32
		{F049A5AD-4B40-4C08-A9BF-703198E4E78B}.Debug|Win32.Build.0 = Debug|Win32
		{F049A5AD-4B40-4C08-A9BF-703198E4E78B}.Debug|x64.ActiveCfg = Debug|x64
		{F049A5AD-4B40-4C08-A9BF-703198E4E78B}.Release|Mixed Platforms.ActiveCfg = Release|Win32
		{F049A5AD-4B40-4C08-A9BF-703198E4E78B}.Release|Mixed Platforms.Build.0 = Release|Win32
		{F049A5AD-4B40-4C08-A9BF-703198E4E78B}.Release|Win32.ActiveCfg = Release|Win32
		{F049A5AD-4B40-4C08-A9BF-703198E4E78B}.Release|Win32.Build.0 = Release|Win32
		{F049A5AD-4B40-4C08-A9BF-703198E4E78B}.Release|x64.ActiveCfg = Release|Win32
		{3A8C192D-402C-4A05-A719-1D52A9FDA8B6}.Debug|Mixed Platforms.ActiveCfg = Debug|Win32
		{3A8C192D-402C-4A05-A719-1D52A9FDA8B6}.Debug|Mixed Platforms.Build.0 = Debug|Win32
		{3A8C192D-402C-4A05-A719-1D52A9FDA8B6}.Debug|Win32.ActiveCfg = Debug|Win32
		{3A8C192D-402C-4A05-A719-1D52A9FDA8B6}.Debug|Win32.Build.0 = Debug|Win32
		{3A8C192D-402C-4A05-A719-1D52A9FDA8B6}.Debug|x64.ActiveCfg = Debug|x64
		{3A8C192D-402C-4A05-A719-1D52A9FDA8B6}.Release|Mixed Platforms.ActiveCfg = Release|Win32
		{3A8C192D-402C-4A05-A719-1D52A9FDA8B6}.Release|Mixed Platforms.Build.0 = Release|Win32
		{3A8C192D-402C-4A05-A719-1D52A9FDA8B6}.Release|Win32.ActiveCfg = Release|Win32
		{3A8C192D-402C-4A05-A719-1D52A9FDA8B6}.Release|Win32.Build.0 = Release|Win32
		{3A8C192D-402C-4A05-A719-1D52A9FDA8B6}.Release|x64.ActiveCfg = Release|Win32
		{2AEBEBD5-0C5E-49E3-BBE9-B12DCDE4DD56}.Debug|Mixed Platforms.ActiveCfg = Debug|Win32
		{2AEBEBD5-0C5E-49E3-BBE9-B12DCDE4DD56}.Debug|Mixed Platforms.Build.0 = Debug|Win32
		{2AEBEBD5-0C5E-49E3-BBE9-B12DCDE4DD56}.Debug|Win32.ActiveCfg = Debug|Win32
		{2AEBEBD5-0C5E-49E3-BBE9-B12DCDE4DD56}.Debug|Win32.Build.0 = Debug|Win32
		{2AEBEBD5-0C5E-49E3-BBE9-B12DCDE4DD56}.Debug|x64.ActiveCfg = Debug|x64
		{2AEBEBD5-0C5E-49E3-BBE9-B12DCDE4DD56}.Release|Mixed Platforms.ActiveCfg = Release|Win32
		{2AEBEBD5-0C5E-49E3-BBE9-B12DCDE4DD56}.Release|Mixed Platforms.Build.0 = Release|Win32
		{2AEBEBD5-0C5E-49E3-BBE9-B12DCDE4DD56}.Release|Win32.ActiveCfg = Release|Win32
		{2AEBEBD5-0C5E-49E3-BBE9-B12DCDE4DD56}.Release|Win32.Build.0 = Release|Win32
		{2AEBEBD5-0C5E-49E3-BBE9-B12DCDE4DD56}.Release|x64.ActiveCfg = Release|Win32
		{08A6EFC8-78FE-49E7-9C06-E14BD6F7A24C}.Debug|Mixed Platforms.ActiveCfg = Debug|Win32
		{08A6EFC8-78FE-49E7-9C06-E14BD6F7A24C}.Debug|Mixed Platforms.Build.0 = Debug|Win32
		{08A6EFC8-78FE-49E7-9C06-E14BD6F7A24C}.Debug|Win32.ActiveCfg = Debug|Win32
		{08A6EFC8-78FE-49E7-9C06-E14BD6F7A24C}.Debug|Win32.Build.0 = Debug|Win32
		{08A6EFC8-78FE-49E7-9C06-E14BD6F7A24C}.Debug|x64.ActiveCfg = Debug|x64
		{08A6EFC8-78FE-49E7-9C06-E14BD6F7A24C}.Release|Mixed Platforms.ActiveCfg = Release|Win32
		{08A6EFC8-78FE-49E7-9C06-E14BD6F7A24C}.Release|Mixed Platforms.Build.0 = Release|Win32
		{08A6EFC8-78FE-49E7-9C06-E14BD6F7A24C}.Release|Win32.ActiveCfg = Release|Win32
		{08A6EFC8-78FE-49E7-9C06-E14BD6F7A24C}.Release|Win32.Build.0 = Release|Win32
		{08A6EFC8-78FE-49E7-9C06-E14BD6F7A24C}.Release|x64.ActiveCfg = Release|Win32
		{4E14EBAF-1C19-464A-9245-A77945D955EA}.Debug|Mixed Platforms.ActiveCfg = Debug|Win32
		{4E14EBAF-1C19-464A-9245-A77945D955EA}.Debug|Mixed Platforms.Build.0 = Debug|Win32
		{4E14EBAF-1C19-464A-9245-A77945D955EA}.Debug|Win32.ActiveCfg = Debug|Win32
		{4E14EBAF-1C19-464A-9245-A77945D955EA}.Debug|Win32.Build.0 = Debug|Win32
		{4E14EBAF-1C19-464A-9245-A77945D955EA}.Debug|x64.ActiveCfg = Debug|x64
		{4E14EBAF-1C19-464A-9245-A77945D955EA}.Debug|x64.Build.0 = Debug|x64
		{4E14EBAF-1C19-464A-9245-A77945D955EA}.Release|Mixed Platforms.ActiveCfg = Release|Win32
		{4E14EBAF-1C19-464A-9245-A77945D955EA}.Release|Mixed Platforms.Build.0 = Release|Win32
		{4E14EBAF-1C19-464A-9245-A77945D955EA}.Release|Win32.ActiveCfg = Release|Win32
		{4E14EBAF-1C19-464A-9245-A77945D955EA}.Release|Win32.Build.0 = Release|Win32
		{4E14EBAF-1C19-464A-9245-A77945D955EA}.Release|x64.ActiveCfg = Release|Win32
	EndGlobalSection
	GlobalSection(SolutionProperties) = preSolution
		HideSolutionNode = FALSE
	EndGlobalSection
EndGlobal
